
Microsoft Visual Studio Solution File, Format Version 12.00
# Visual Studio Version 17
VisualStudioVersion = 17.6.33513.286
MinimumVisualStudioVersion = 10.0.40219.1
Project("{FAE04EC0-301F-11D3-BF4B-00C04F79EFBC}") = "Mapper", "Mapper\Mapper.csproj", "{ECED2AB5-3954-4B7A-BC65-3BDD2DC3F330}"
EndProject
Global
	GlobalSection(SolutionConfigurationPlatforms) = preSolution
		Debug|Any CPU = Debug|Any CPU
		Release|Any CPU = Release|Any CPU
	EndGlobalSection
	GlobalSection(ProjectConfigurationPlatforms) = postSolution
		{ECED2AB5-3954-4B7A-BC65-3BDD2DC3F330}.Debug|Any CPU.ActiveCfg = Debug|Any CPU
		{ECED2AB5-3954-4B7A-BC65-3BDD2DC3F330}.Debug|Any CPU.Build.0 = Debug|Any CPU
		{ECED2AB5-3954-4B7A-BC65-3BDD2DC3F330}.Release|Any CPU.ActiveCfg = Release|Any CPU
		{ECED2AB5-3954-4B7A-BC65-3BDD2DC3F330}.Release|Any CPU.Build.0 = Release|Any CPU
	EndGlobalSection
	GlobalSection(SolutionProperties) = preSolution
		HideSolutionNode = FALSE
	EndGlobalSection
	GlobalSection(ExtensibilityGlobals) = postSolution
		SolutionGuid = {6B2D8280-B1DF-4CC0-8564-3812C9D36160}
	EndGlobalSection
EndGlobal
